# This file is automatically @generated by Cargo.
# It is not intended for manual editing.
version = 4

[[package]]
name = "print_inspect_test"
version = "0.1.0"
dependencies = [
 "print_msg",
]

[[package]]
name = "print_msg"
version = "0.1.0"

[[package]]
name = "print_note_test"
version = "0.1.0"
dependencies = [
 "print_msg",
]

[[package]]
name = "time_it"
version = "1.0.0"

[[package]]
name = "time_it_test"
version = "0.1.0"
dependencies = [
 "time_it",
]
